
Microsoft Visual Studio Solution File, Format Version 12.00
# Visual Studio Version 17
VisualStudioVersion = 17.0.31912.275
MinimumVisualStudioVersion = 10.0.40219.1
Project("{2150E333-8FDC-42A3-9474-1A3956D46DE8}") = "src", "src", "{351CFEDE-1A3C-4AA0-963F-E4AD91437DAD}"
EndProject
Project("{2150E333-8FDC-42A3-9474-1A3956D46DE8}") = "FSharp", "FSharp", "{F51CD13C-DC90-4CF7-A18F-60B97DDE6133}"
EndProject
Project("{6EC3EE1D-3C4E-46DD-8F32-0CC8E7565705}") = "Helpers", "src\FSharp\Helpers\Helpers.fsproj", "{B67E2E7E-B808-4B75-8802-BF625B96C488}"
EndProject
Project("{6EC3EE1D-3C4E-46DD-8F32-0CC8E7565705}") = "Day1", "src\FSharp\Day1\Day1.fsproj", "{3E8E8AFD-47BA-4022-9E44-8CDEC5FCEF4B}"
EndProject
Project("{F2A71F9B-5D33-465A-A702-920D77279786}") = "Day2", "src\FSharp\Day2\Day2.fsproj", "{DBE3F37B-0451-4AEC-8A68-215E0C23225A}"
EndProject
Global
	GlobalSection(SolutionConfigurationPlatforms) = preSolution
		Debug|Any CPU = Debug|Any CPU
		Release|Any CPU = Release|Any CPU
	EndGlobalSection
	GlobalSection(ProjectConfigurationPlatforms) = postSolution
		{B67E2E7E-B808-4B75-8802-BF625B96C488}.Debug|Any CPU.ActiveCfg = Debug|Any CPU
		{B67E2E7E-B808-4B75-8802-BF625B96C488}.Debug|Any CPU.Build.0 = Debug|Any CPU
		{B67E2E7E-B808-4B75-8802-BF625B96C488}.Release|Any CPU.ActiveCfg = Release|Any CPU
		{B67E2E7E-B808-4B75-8802-BF625B96C488}.Release|Any CPU.Build.0 = Release|Any CPU
		{3E8E8AFD-47BA-4022-9E44-8CDEC5FCEF4B}.Debug|Any CPU.ActiveCfg = Debug|Any CPU
		{3E8E8AFD-47BA-4022-9E44-8CDEC5FCEF4B}.Debug|Any CPU.Build.0 = Debug|Any CPU
		{3E8E8AFD-47BA-4022-9E44-8CDEC5FCEF4B}.Release|Any CPU.ActiveCfg = Release|Any CPU
		{3E8E8AFD-47BA-4022-9E44-8CDEC5FCEF4B}.Release|Any CPU.Build.0 = Release|Any CPU
		{DBE3F37B-0451-4AEC-8A68-215E0C23225A}.Debug|Any CPU.ActiveCfg = Debug|Any CPU
		{DBE3F37B-0451-4AEC-8A68-215E0C23225A}.Debug|Any CPU.Build.0 = Debug|Any CPU
		{DBE3F37B-0451-4AEC-8A68-215E0C23225A}.Release|Any CPU.ActiveCfg = Release|Any CPU
		{DBE3F37B-0451-4AEC-8A68-215E0C23225A}.Release|Any CPU.Build.0 = Release|Any CPU
	EndGlobalSection
	GlobalSection(SolutionProperties) = preSolution
		HideSolutionNode = FALSE
	EndGlobalSection
	GlobalSection(NestedProjects) = preSolution
		{F51CD13C-DC90-4CF7-A18F-60B97DDE6133} = {351CFEDE-1A3C-4AA0-963F-E4AD91437DAD}
		{B67E2E7E-B808-4B75-8802-BF625B96C488} = {F51CD13C-DC90-4CF7-A18F-60B97DDE6133}
		{3E8E8AFD-47BA-4022-9E44-8CDEC5FCEF4B} = {F51CD13C-DC90-4CF7-A18F-60B97DDE6133}
		{DBE3F37B-0451-4AEC-8A68-215E0C23225A} = {F51CD13C-DC90-4CF7-A18F-60B97DDE6133}
	EndGlobalSection
	GlobalSection(ExtensibilityGlobals) = postSolution
		SolutionGuid = {75CB14A7-D63A-47FC-A162-D37899AC5ED5}
	EndGlobalSection
EndGlobal
